// !$*UTF8*$!
{
	archiveVersion = 1;
	classes = {
	};
	objectVersion = 46;
	objects = {

/* Begin PBXBuildFile section */
		C80844071C4ED262003E9823 /* AppDelegate.swift in Sources */ = {isa = PBXBuildFile; fileRef = C80844061C4ED262003E9823 /* AppDelegate.swift */; };
		C80844091C4ED262003E9823 /* ViewController.swift in Sources */ = {isa = PBXBuildFile; fileRef = C80844081C4ED262003E9823 /* ViewController.swift */; };
		C808440C1C4ED262003E9823 /* Main.storyboard in Resources */ = {isa = PBXBuildFile; fileRef = C808440A1C4ED262003E9823 /* Main.storyboard */; };
		C808440E1C4ED262003E9823 /* Assets.xcassets in Resources */ = {isa = PBXBuildFile; fileRef = C808440D1C4ED262003E9823 /* Assets.xcassets */; };
		C80844111C4ED262003E9823 /* LaunchScreen.storyboard in Resources */ = {isa = PBXBuildFile; fileRef = C808440F1C4ED262003E9823 /* LaunchScreen.storyboard */; };
/* End PBXBuildFile section */

/* Begin PBXFileReference section */
		C80844031C4ED262003E9823 /* Lecture52 - OOP Exercise.app */ = {isa = PBXFileReference; explicitFileType = wrapper.application; includeInIndex = 0; path = "Lecture52 - OOP Exercise.app"; sourceTree = BUILT_PRODUCTS_DIR; };
		C80844061C4ED262003E9823 /* AppDelegate.swift */ = {isa = PBXFileReference; lastKnownFileType = sourcecode.swift; path = AppDelegate.swift; sourceTree = "<group>"; };
		C80844081C4ED262003E9823 /* ViewController.swift */ = {isa = PBXFileReference; lastKnownFileType = sourcecode.swift; path = ViewController.swift; sourceTree = "<group>"; };
		C808440B1C4ED262003E9823 /* Base */ = {isa = PBXFileReference; lastKnownFileType = file.storyboard; name = Base; path = Base.lproj/Main.storyboard; sourceTree = "<group>"; };
		C808440D1C4ED262003E9823 /* Assets.xcassets */ = {isa = PBXFileReference; lastKnownFileType = folder.assetcatalog; path = Assets.xcassets; sourceTree = "<group>"; };
		C80844101C4ED262003E9823 /* Base */ = {isa = PBXFileReference; lastKnownFileType = file.storyboard; name = Base; path = Base.lproj/LaunchScreen.storyboard; sourceTree = "<group>"; };
		C80844121C4ED262003E9823 /* Info.plist */ = {isa = PBXFileReference; lastKnownFileType = text.plist.xml; path = Info.plist; sourceTree = "<group>"; };
/* End PBXFileReference section */

/* Begin PBXFrameworksBuildPhase section */
		C80844001C4ED262003E9823 /* Frameworks */ = {
			isa = PBXFrameworksBuildPhase;
			buildActionMask = 2147483647;
			files = (
			);
			runOnlyForDeploymentPostprocessing = 0;
		};
/* End PBXFrameworksBuildPhase section */

/* Begin PBXGroup section */
		C80843FA1C4ED262003E9823 = {
			isa = PBXGroup;
			children = (
				C80844051C4ED262003E9823 /* Lecture52 - OOP Exercise */,
				C80844041C4ED262003E9823 /* Products */,
			);
			sourceTree = "<group>";
		};
		C80844041C4ED262003E9823 /* Products */ = {
			isa = PBXGroup;
			children = (
				C80844031C4ED262003E9823 /* Lecture52 - OOP Exercise.app */,
			);
			name = Products;
			sourceTree = "<group>";
		};
		C80844051C4ED262003E9823 /* Lecture52 - OOP Exercise */ = {
			isa = PBXGroup;
			children = (
				C80844061C4ED262003E9823 /* AppDelegate.swift */,
				C80844081C4ED262003E9823 /* ViewController.swift */,
				C808440A1C4ED262003E9823 /* Main.storyboard */,
				C808440D1C4ED262003E9823 /* Assets.xcassets */,
				C808440F1C4ED262003E9823 /* LaunchScreen.storyboard */,
				C80844121C4ED262003E9823 /* Info.plist */,
			);
			path = "Lecture52 - OOP Exercise";
			sourceTree = "<group>";
		};
/* End PBXGroup section */

/* Begin PBXNativeTarget section */
		C80844021C4ED262003E9823 /* Lecture52 - OOP Exercise */ = {
			isa = PBXNativeTarget;
			buildConfigurationList = C80844151C4ED262003E9823 /* Build configuration list for PBXNativeTarget "Lecture52 - OOP Exercise" */;
			buildPhases = (
				C80843FF1C4ED262003E9823 /* Sources */,
				C80844001C4ED262003E9823 /* Frameworks */,
				C80844011C4ED262003E9823 /* Resources */,
			);
			buildRules = (
			);
			dependencies = (
			);
			name = "Lecture52 - OOP Exercise";
			productName = "Lecture52 - OOP Exercise";
			productReference = C80844031C4ED262003E9823 /* Lecture52 - OOP Exercise.app */;
			productType = "com.apple.product-type.application";
		};
/* End PBXNativeTarget section */

/* Begin PBXProject section */
		C80843FB1C4ED262003E9823 /* Project object */ = {
			isa = PBXProject;
			attributes = {
				LastSwiftUpdateCheck = 0720;
				LastUpgradeCheck = 0720;
				ORGANIZATIONNAME = JustOneJess;
				TargetAttributes = {
					C80844021C4ED262003E9823 = {
						CreatedOnToolsVersion = 7.2;
					};
				};
			};
			buildConfigurationList = C80843FE1C4ED262003E9823 /* Build configuration list for PBXProject "Lecture52 - OOP Exercise" */;
			compatibilityVersion = "Xcode 3.2";
			developmentRegion = English;
			hasScannedForEncodings = 0;
			knownRegions = (
				en,
				Base,
			);
			mainGroup = C80843FA1C4ED262003E9823;
			productRefGroup = C80844041C4ED262003E9823 /* Products */;
			projectDirPath = "";
			projectRoot = "";
			targets = (
				C80844021C4ED262003E9823 /* Lecture52 - OOP Exercise */,
			);
		};
/* End PBXProject section */

/* Begin PBXResourcesBuildPhase section */
		C80844011C4ED262003E9823 /* Resources */ = {
			isa = PBXResourcesBuildPhase;
			buildActionMask = 2147483647;
			files = (
				C80844111C4ED262003E9823 /* LaunchScreen.storyboard in Resources */,
				C808440E1C4ED262003E9823 /* Assets.xcassets in Resources */,
				C808440C1C4ED262003E9823 /* Main.storyboard in Resources */,
			);
			runOnlyForDeploymentPostprocessing = 0;
		};
/* End PBXResourcesBuildPhase section */

/* Begin PBXSourcesBuildPhase section */
		C80843FF1C4ED262003E9823 /* Sources */ = {
			isa = PBXSourcesBuildPhase;
			buildActionMask = 2147483647;
			files = (
				C80844091C4ED262003E9823 /* ViewController.swift in Sources */,
				C80844071C4ED262003E9823 /* AppDelegate.swift in Sources */,
			);
			runOnlyForDeploymentPostprocessing = 0;
		};
/* End PBXSourcesBuildPhase section */

/* Begin PBXVariantGroup section */
		C808440A1C4ED262003E9823 /* Main.storyboard */ = {
			isa = PBXVariantGroup;
			children = (
				C808440B1C4ED262003E9823 /* Base */,
			);
			name = Main.storyboard;
			sourceTree = "<group>";
		};
		C808440F1C4ED262003E9823 /* LaunchScreen.storyboard */ = {
			isa = PBXVariantGroup;
			children = (
				C80844101C4ED262003E9823 /* Base */,
			);
			name = LaunchScreen.storyboard;
			sourceTree = "<group>";
		};
/* End PBXVariantGroup section */

/* Begin XCBuildConfiguration section */
		C80844131C4ED262003E9823 /* Debug */ = {
			isa = XCBuildConfiguration;
			buildSettings = {
				ALWAYS_SEARCH_USER_PATHS = NO;
				CLANG_CXX_LANGUAGE_STANDARD = "gnu++0x";
				CLANG_CXX_LIBRARY = "libc++";
				CLANG_ENABLE_MODULES = YES;
				CLANG_ENABLE_OBJC_ARC = YES;
				CLANG_WARN_BOOL_CONVERSION = YES;
				CLANG_WARN_CONSTANT_CONVERSION = YES;
				CLANG_WARN_DIRECT_OBJC_ISA_USAGE = YES_ERROR;
				CLANG_WARN_EMPTY_BODY = YES;
				CLANG_WARN_ENUM_CONVERSION = YES;
				CLANG_WARN_INT_CONVERSION = YES;
				CLANG_WARN_OBJC_ROOT_CLASS = YES_ERROR;
				CLANG_WARN_UNREACHABLE_CODE = YES;
				CLANG_WARN__DUPLICATE_METHOD_MATCH = YES;
				"CODE_SIGN_IDENTITY[sdk=iphoneos*]" = "iPhone Developer";
				COPY_PHASE_STRIP = NO;
				DEBUG_INFORMATION_FORMAT = dwarf;
				ENABLE_STRICT_OBJC_MSGSEND = YES;
				ENABLE_TESTABILITY = YES;
				GCC_C_LANGUAGE_STANDARD = gnu99;
				GCC_DYNAMIC_NO_PIC = NO;
				GCC_NO_COMMON_BLOCKS = YES;
				GCC_OPTIMIZATION_LEVEL = 0;
				GCC_PREPROCESSOR_DEFINITIONS = (
					"DEBUG=1",
					"$(inherited)",
				);
				GCC_WARN_64_TO_32_BIT_CONVERSION = YES;
				GCC_WARN_ABOUT_RETURN_TYPE = YES_ERROR;
				GCC_WARN_UNDECLARED_SELECTOR = YES;
				GCC_WARN_UNINITIALIZED_AUTOS = YES_AGGRESSIVE;
				GCC_WARN_UNUSED_FUNCTION = YES;
				GCC_WARN_UNUSED_VARIABLE = YES;
				IPHONEOS_DEPLOYMENT_TARGET = 9.2;
				MTL_ENABLE_DEBUG_INFO = YES;
				ONLY_ACTIVE_ARCH = YES;
				SDKROOT = iphoneos;
				SWIFT_OPTIMIZATION_LEVEL = "-Onone";
				TARGETED_DEVICE_FAMILY = "1,2";
			};
			name = Debug;
		};
		C80844141C4ED262003E9823 /* Release */ = {
			isa = XCBuildConfiguration;
			buildSettings = {
				ALWAYS_SEARCH_USER_PATHS = NO;
				CLANG_CXX_LANGUAGE_STANDARD = "gnu++0x";
				CLANG_CXX_LIBRARY = "libc++";
				CLANG_ENABLE_MODULES = YES;
				CLANG_ENABLE_OBJC_ARC = YES;
				CLANG_WARN_BOOL_CONVERSION = YES;
				CLANG_WARN_CONSTANT_CONVERSION = YES;
				CLANG_WARN_DIRECT_OBJC_ISA_USAGE = YES_ERROR;
				CLANG_WARN_EMPTY_BODY = YES;
				CLANG_WARN_ENUM_CONVERSION = YES;
				CLANG_WARN_INT_CONVERSION = YES;
				CLANG_WARN_OBJC_ROOT_CLASS = YES_ERROR;
				CLANG_WARN_UNREACHABLE_CODE = YES;
				CLANG_WARN__DUPLICATE_METHOD_MATCH = YES;
				"CODE_SIGN_IDENTITY[sdk=iphoneos*]" = "iPhone Developer";
				COPY_PHASE_STRIP = NO;
				DEBUG_INFORMATION_FORMAT = "dwarf-with-dsym";
				ENABLE_NS_ASSERTIONS = NO;
				ENABLE_STRICT_OBJC_MSGSEND = YES;
				GCC_C_LANGUAGE_STANDARD = gnu99;
				GCC_NO_COMMON_BLOCKS = YES;
				GCC_WARN_64_TO_32_BIT_CONVERSION = YES;
				GCC_WARN_ABOUT_RETURN_TYPE = YES_ERROR;
				GCC_WARN_UNDECLARED_SELECTOR = YES;
				GCC_WARN_UNINITIALIZED_AUTOS = YES_AGGRESSIVE;
				GCC_WARN_UNUSED_FUNCTION = YES;
				GCC_WARN_UNUSED_VARIABLE = YES;
				IPHONEOS_DEPLOYMENT_TARGET = 9.2;
				MTL_ENABLE_DEBUG_INFO = NO;
				SDKROOT = iphoneos;
				TARGETED_DEVICE_FAMILY = "1,2";
				VALIDATE_PRODUCT = YES;
			};
			name = Release;
		};
		C80844161C4ED262003E9823 /* Debug */ = {
			isa = XCBuildConfiguration;
			buildSettings = {
				ASSETCATALOG_COMPILER_APPICON_NAME = AppIcon;
				INFOPLIST_FILE = "Lecture52 - OOP Exercise/Info.plist";
				LD_RUNPATH_SEARCH_PATHS = "$(inherited) @executable_path/Frameworks";
				PRODUCT_BUNDLE_IDENTIFIER = "com.justonejess.Lecture52---OOP-Exercise";
				PRODUCT_NAME = "$(TARGET_NAME)";
			};
			name = Debug;
		};
		C80844171C4ED262003E9823 /* Release */ = {
			isa = XCBuildConfiguration;
			buildSettings = {
				ASSETCATALOG_COMPILER_APPICON_NAME = AppIcon;
				INFOPLIST_FILE = "Lecture52 - OOP Exercise/Info.plist";
				LD_RUNPATH_SEARCH_PATHS = "$(inherited) @executable_path/Frameworks";
				PRODUCT_BUNDLE_IDENTIFIER = "com.justonejess.Lecture52---OOP-Exercise";
				PRODUCT_NAME = "$(TARGET_NAME)";
			};
			name = Release;
		};
/* End XCBuildConfiguration section */

/* Begin XCConfigurationList section */
		C80843FE1C4ED262003E9823 /* Build configuration list for PBXProject "Lecture52 - OOP Exercise" */ = {
			isa = XCConfigurationList;
			buildConfigurations = (
				C80844131C4ED262003E9823 /* Debug */,
				C80844141C4ED262003E9823 /* Release */,
			);
			defaultConfigurationIsVisible = 0;
			defaultConfigurationName = Release;
		};
		C80844151C4ED262003E9823 /* Build configuration list for PBXNativeTarget "Lecture52 - OOP Exercise" */ = {
			isa = XCConfigurationList;
			buildConfigurations = (
				C80844161C4ED262003E9823 /* Debug */,
				C80844171C4ED262003E9823 /* Release */,
			);
			defaultConfigurationIsVisible = 0;
		};
/* End XCConfigurationList section */
	};
	rootObject = C80843FB1C4ED262003E9823 /* Project object */;
}
